
Microsoft Visual Studio Solution File, Format Version 12.00
# Visual Studio 2012
VisualStudioVersion = 14.0.23107.0
MinimumVisualStudioVersion = 10.0.40219.1
Project("{2150E333-8FDC-42A3-9474-1A3956D46DE8}") = ".paket", ".paket", "{C611495D-33BC-4320-8D1B-A33AE888ED97}"
	ProjectSection(SolutionItems) = preProject
		paket.dependencies = paket.dependencies
	EndProjectSection
EndProject
Project("{2150E333-8FDC-42A3-9474-1A3956D46DE8}") = "Libs", "Libs", "{974D8B7C-2F55-44CE-A579-B7728ECBAD2D}"
EndProject
Project("{f2a71f9b-5d33-465a-a702-920d77279786}") = "Infers", "Libs\Infers\Infers.fsproj", "{B06B1B50-16C3-42C0-A820-59BBA70EA601}"
EndProject
Project("{FAE04EC0-301F-11D3-BF4B-00C04F79EFBC}") = "Infers.Core", "Libs\Infers.Core\Infers.Core.csproj", "{DD618307-19AC-4667-BD22-6CC10BBC7BF5}"
EndProject
Global
	GlobalSection(SolutionConfigurationPlatforms) = preSolution
		Debug|Any CPU = Debug|Any CPU
		Release|Any CPU = Release|Any CPU
	EndGlobalSection
	GlobalSection(ProjectConfigurationPlatforms) = postSolution
		{B06B1B50-16C3-42C0-A820-59BBA70EA601}.Debug|Any CPU.ActiveCfg = Debug|Any CPU
		{B06B1B50-16C3-42C0-A820-59BBA70EA601}.Debug|Any CPU.Build.0 = Debug|Any CPU
		{B06B1B50-16C3-42C0-A820-59BBA70EA601}.Release|Any CPU.ActiveCfg = Release|Any CPU
		{B06B1B50-16C3-42C0-A820-59BBA70EA601}.Release|Any CPU.Build.0 = Release|Any CPU
		{DD618307-19AC-4667-BD22-6CC10BBC7BF5}.Debug|Any CPU.ActiveCfg = Debug|Any CPU
		{DD618307-19AC-4667-BD22-6CC10BBC7BF5}.Debug|Any CPU.Build.0 = Debug|Any CPU
		{DD618307-19AC-4667-BD22-6CC10BBC7BF5}.Release|Any CPU.ActiveCfg = Release|Any CPU
		{DD618307-19AC-4667-BD22-6CC10BBC7BF5}.Release|Any CPU.Build.0 = Release|Any CPU
	EndGlobalSection
	GlobalSection(NestedProjects) = preSolution
		{B06B1B50-16C3-42C0-A820-59BBA70EA601} = {974D8B7C-2F55-44CE-A579-B7728ECBAD2D}
		{DD618307-19AC-4667-BD22-6CC10BBC7BF5} = {974D8B7C-2F55-44CE-A579-B7728ECBAD2D}
	EndGlobalSection
	GlobalSection(SolutionProperties) = preSolution
		HideSolutionNode = FALSE
	EndGlobalSection
EndGlobal
