
Microsoft Visual Studio Solution File, Format Version 12.00
# Visual Studio Express 2013 for Windows Desktop
VisualStudioVersion = 12.0.30501.0
MinimumVisualStudioVersion = 10.0.40219.1
Project("{F2A71F9B-5D33-465A-A702-920D77279786}") = "Infers", "Libs\Infers\Infers.fsproj", "{B06B1B50-16C3-42C0-A820-59BBA70EA601}"
EndProject
Project("{2150E333-8FDC-42A3-9474-1A3956D46DE8}") = "Docs", "Docs", "{D026932E-2FD5-41CE-826A-087BEEBB676E}"
	ProjectSection(SolutionItems) = preProject
		Docs\Tutorial.md = Docs\Tutorial.md
	EndProjectSection
EndProject
Project("{2150E333-8FDC-42A3-9474-1A3956D46DE8}") = "Libs", "Libs", "{974D8B7C-2F55-44CE-A579-B7728ECBAD2D}"
EndProject
Project("{2150E333-8FDC-42A3-9474-1A3956D46DE8}") = "Examples", "Examples", "{F6892AB8-6A0C-4AB9-9554-E42C561C5125}"
EndProject
Project("{2150E333-8FDC-42A3-9474-1A3956D46DE8}") = "NuGet", "NuGet", "{3430A088-2AB2-4019-B48A-5A355BD5D8C0}"
	ProjectSection(SolutionItems) = preProject
		NuGet\Infers.nuspec = NuGet\Infers.nuspec
	EndProjectSection
EndProject
Project("{2150E333-8FDC-42A3-9474-1A3956D46DE8}") = "Root", "Root", "{57274DE6-EE01-4F72-B4D0-9CD5448668EA}"
	ProjectSection(SolutionItems) = preProject
		LICENSE.md = LICENSE.md
		README.md = README.md
	EndProjectSection
EndProject
Project("{F2A71F9B-5D33-465A-A702-920D77279786}") = "Infers.Rep", "Libs\Infers.Rep\Infers.Rep.fsproj", "{2399EAEA-7668-48BA-91B4-162060CB050F}"
EndProject
Project("{F2A71F9B-5D33-465A-A702-920D77279786}") = "Clone", "Examples\Clone\Clone.fsproj", "{CDB81E34-CB35-4D62-A2F8-6B9A6A73880E}"
EndProject
Project("{F2A71F9B-5D33-465A-A702-920D77279786}") = "Infers.Basic", "Libs\Infers.Basic\Infers.Basic.fsproj", "{A3D6D823-6F26-45CB-8BF2-CB61D6246A68}"
EndProject
Project("{FAE04EC0-301F-11D3-BF4B-00C04F79EFBC}") = "Infers.Core", "Libs\Infers.Core\Infers.Core.csproj", "{DD618307-19AC-4667-BD22-6CC10BBC7BF5}"
EndProject
Global
	GlobalSection(SolutionConfigurationPlatforms) = preSolution
		Debug|Any CPU = Debug|Any CPU
		Release|Any CPU = Release|Any CPU
	EndGlobalSection
	GlobalSection(ProjectConfigurationPlatforms) = postSolution
		{B06B1B50-16C3-42C0-A820-59BBA70EA601}.Debug|Any CPU.ActiveCfg = Debug|Any CPU
		{B06B1B50-16C3-42C0-A820-59BBA70EA601}.Debug|Any CPU.Build.0 = Debug|Any CPU
		{B06B1B50-16C3-42C0-A820-59BBA70EA601}.Release|Any CPU.ActiveCfg = Release|Any CPU
		{B06B1B50-16C3-42C0-A820-59BBA70EA601}.Release|Any CPU.Build.0 = Release|Any CPU
		{2399EAEA-7668-48BA-91B4-162060CB050F}.Debug|Any CPU.ActiveCfg = Debug|Any CPU
		{2399EAEA-7668-48BA-91B4-162060CB050F}.Debug|Any CPU.Build.0 = Debug|Any CPU
		{2399EAEA-7668-48BA-91B4-162060CB050F}.Release|Any CPU.ActiveCfg = Release|Any CPU
		{2399EAEA-7668-48BA-91B4-162060CB050F}.Release|Any CPU.Build.0 = Release|Any CPU
		{CDB81E34-CB35-4D62-A2F8-6B9A6A73880E}.Debug|Any CPU.ActiveCfg = Debug|Any CPU
		{CDB81E34-CB35-4D62-A2F8-6B9A6A73880E}.Debug|Any CPU.Build.0 = Debug|Any CPU
		{CDB81E34-CB35-4D62-A2F8-6B9A6A73880E}.Release|Any CPU.ActiveCfg = Release|Any CPU
		{CDB81E34-CB35-4D62-A2F8-6B9A6A73880E}.Release|Any CPU.Build.0 = Release|Any CPU
		{A3D6D823-6F26-45CB-8BF2-CB61D6246A68}.Debug|Any CPU.ActiveCfg = Debug|Any CPU
		{A3D6D823-6F26-45CB-8BF2-CB61D6246A68}.Debug|Any CPU.Build.0 = Debug|Any CPU
		{A3D6D823-6F26-45CB-8BF2-CB61D6246A68}.Release|Any CPU.ActiveCfg = Release|Any CPU
		{A3D6D823-6F26-45CB-8BF2-CB61D6246A68}.Release|Any CPU.Build.0 = Release|Any CPU
		{DD618307-19AC-4667-BD22-6CC10BBC7BF5}.Debug|Any CPU.ActiveCfg = Debug|Any CPU
		{DD618307-19AC-4667-BD22-6CC10BBC7BF5}.Debug|Any CPU.Build.0 = Debug|Any CPU
		{DD618307-19AC-4667-BD22-6CC10BBC7BF5}.Release|Any CPU.ActiveCfg = Release|Any CPU
		{DD618307-19AC-4667-BD22-6CC10BBC7BF5}.Release|Any CPU.Build.0 = Release|Any CPU
	EndGlobalSection
	GlobalSection(SolutionProperties) = preSolution
		HideSolutionNode = FALSE
	EndGlobalSection
	GlobalSection(NestedProjects) = preSolution
		{B06B1B50-16C3-42C0-A820-59BBA70EA601} = {974D8B7C-2F55-44CE-A579-B7728ECBAD2D}
		{2399EAEA-7668-48BA-91B4-162060CB050F} = {974D8B7C-2F55-44CE-A579-B7728ECBAD2D}
		{CDB81E34-CB35-4D62-A2F8-6B9A6A73880E} = {F6892AB8-6A0C-4AB9-9554-E42C561C5125}
		{A3D6D823-6F26-45CB-8BF2-CB61D6246A68} = {974D8B7C-2F55-44CE-A579-B7728ECBAD2D}
		{DD618307-19AC-4667-BD22-6CC10BBC7BF5} = {974D8B7C-2F55-44CE-A579-B7728ECBAD2D}
	EndGlobalSection
EndGlobal
